// !$*UTF8*$!
{
	archiveVersion = 1;
	classes = {
	};
	objectVersion = 46;
	objects = {

/* Begin PBXBuildFile section */
		43FC7E011E4DB38B00FB53F8 /* RNYYImage.m in Sources */ = {isa = PBXBuildFile; fileRef = 43FC7DFE1E4DB38B00FB53F8 /* RNYYImage.m */; };
		43FC7E021E4DB38B00FB53F8 /* RNYYImageManager.m in Sources */ = {isa = PBXBuildFile; fileRef = 43FC7E001E4DB38B00FB53F8 /* RNYYImageManager.m */; };
/* End PBXBuildFile section */

/* Begin PBXCopyFilesBuildPhase section */
		43FC7DEF1E4DB35A00FB53F8 /* CopyFiles */ = {
			isa = PBXCopyFilesBuildPhase;
			buildActionMask = 2147483647;
			dstPath = "include/$(PRODUCT_NAME)";
			dstSubfolderSpec = 16;
			files = (
			);
			runOnlyForDeploymentPostprocessing = 0;
		};
/* End PBXCopyFilesBuildPhase section */

/* Begin PBXFileReference section */
		43FC7DF11E4DB35A00FB53F8 /* libRNYYImage.a */ = {isa = PBXFileReference; explicitFileType = archive.ar; includeInIndex = 0; path = libRNYYImage.a; sourceTree = BUILT_PRODUCTS_DIR; };
		43FC7DFD1E4DB38B00FB53F8 /* RNYYImage.h */ = {isa = PBXFileReference; fileEncoding = 4; lastKnownFileType = sourcecode.c.h; path = RNYYImage.h; sourceTree = "<group>"; };
		43FC7DFE1E4DB38B00FB53F8 /* RNYYImage.m */ = {isa = PBXFileReference; fileEncoding = 4; lastKnownFileType = sourcecode.c.objc; path = RNYYImage.m; sourceTree = "<group>"; };
		43FC7DFF1E4DB38B00FB53F8 /* RNYYImageManager.h */ = {isa = PBXFileReference; fileEncoding = 4; lastKnownFileType = sourcecode.c.h; path = RNYYImageManager.h; sourceTree = "<group>"; };
		43FC7E001E4DB38B00FB53F8 /* RNYYImageManager.m */ = {isa = PBXFileReference; fileEncoding = 4; lastKnownFileType = sourcecode.c.objc; path = RNYYImageManager.m; sourceTree = "<group>"; };
/* End PBXFileReference section */

/* Begin PBXFrameworksBuildPhase section */
		43FC7DEE1E4DB35A00FB53F8 /* Frameworks */ = {
			isa = PBXFrameworksBuildPhase;
			buildActionMask = 2147483647;
			files = (
			);
			runOnlyForDeploymentPostprocessing = 0;
		};
/* End PBXFrameworksBuildPhase section */

/* Begin PBXGroup section */
		43FC7DE81E4DB35A00FB53F8 = {
			isa = PBXGroup;
			children = (
				43FC7DF31E4DB35A00FB53F8 /* RNYYImage */,
				43FC7DF21E4DB35A00FB53F8 /* Products */,
			);
			sourceTree = "<group>";
		};
		43FC7DF21E4DB35A00FB53F8 /* Products */ = {
			isa = PBXGroup;
			children = (
				43FC7DF11E4DB35A00FB53F8 /* libRNYYImage.a */,
			);
			name = Products;
			sourceTree = "<group>";
		};
		43FC7DF31E4DB35A00FB53F8 /* RNYYImage */ = {
			isa = PBXGroup;
			children = (
				43FC7DFD1E4DB38B00FB53F8 /* RNYYImage.h */,
				43FC7DFE1E4DB38B00FB53F8 /* RNYYImage.m */,
				43FC7DFF1E4DB38B00FB53F8 /* RNYYImageManager.h */,
				43FC7E001E4DB38B00FB53F8 /* RNYYImageManager.m */,
			);
			path = RNYYImage;
			sourceTree = "<group>";
		};
/* End PBXGroup section */

/* Begin PBXNativeTarget section */
		43FC7DF01E4DB35A00FB53F8 /* RNYYImage */ = {
			isa = PBXNativeTarget;
			buildConfigurationList = 43FC7DFA1E4DB35A00FB53F8 /* Build configuration list for PBXNativeTarget "RNYYImage" */;
			buildPhases = (
				43FC7DED1E4DB35A00FB53F8 /* Sources */,
				43FC7DEE1E4DB35A00FB53F8 /* Frameworks */,
				43FC7DEF1E4DB35A00FB53F8 /* CopyFiles */,
			);
			buildRules = (
			);
			dependencies = (
			);
			name = RNYYImage;
			productName = RNYYImage;
			productReference = 43FC7DF11E4DB35A00FB53F8 /* libRNYYImage.a */;
			productType = "com.apple.product-type.library.static";
		};
/* End PBXNativeTarget section */

/* Begin PBXProject section */
		43FC7DE91E4DB35A00FB53F8 /* Project object */ = {
			isa = PBXProject;
			attributes = {
				LastUpgradeCheck = 0800;
				ORGANIZATIONNAME = Netbulls;
				TargetAttributes = {
					43FC7DF01E4DB35A00FB53F8 = {
						CreatedOnToolsVersion = 8.0;
						DevelopmentTeam = 9374FZ3B8X;
						ProvisioningStyle = Automatic;
					};
				};
			};
			buildConfigurationList = 43FC7DEC1E4DB35A00FB53F8 /* Build configuration list for PBXProject "RNYYImage" */;
			compatibilityVersion = "Xcode 3.2";
			developmentRegion = English;
			hasScannedForEncodings = 0;
			knownRegions = (
				en,
			);
			mainGroup = 43FC7DE81E4DB35A00FB53F8;
			productRefGroup = 43FC7DF21E4DB35A00FB53F8 /* Products */;
			projectDirPath = "";
			projectRoot = "";
			targets = (
				43FC7DF01E4DB35A00FB53F8 /* RNYYImage */,
			);
		};
/* End PBXProject section */

/* Begin PBXSourcesBuildPhase section */
		43FC7DED1E4DB35A00FB53F8 /* Sources */ = {
			isa = PBXSourcesBuildPhase;
			buildActionMask = 2147483647;
			files = (
				43FC7E011E4DB38B00FB53F8 /* RNYYImage.m in Sources */,
				43FC7E021E4DB38B00FB53F8 /* RNYYImageManager.m in Sources */,
			);
			runOnlyForDeploymentPostprocessing = 0;
		};
/* End PBXSourcesBuildPhase section */

/* Begin XCBuildConfiguration section */
		43FC7DF81E4DB35A00FB53F8 /* Debug */ = {
			isa = XCBuildConfiguration;
			buildSettings = {
				ALWAYS_SEARCH_USER_PATHS = NO;
				CLANG_ANALYZER_NONNULL = YES;
				CLANG_CXX_LANGUAGE_STANDARD = "gnu++0x";
				CLANG_CXX_LIBRARY = "libc++";
				CLANG_ENABLE_MODULES = YES;
				CLANG_ENABLE_OBJC_ARC = YES;
				CLANG_WARN_BOOL_CONVERSION = YES;
				CLANG_WARN_CONSTANT_CONVERSION = YES;
				CLANG_WARN_DIRECT_OBJC_ISA_USAGE = YES_ERROR;
				CLANG_WARN_DOCUMENTATION_COMMENTS = YES;
				CLANG_WARN_EMPTY_BODY = YES;
				CLANG_WARN_ENUM_CONVERSION = YES;
				CLANG_WARN_INFINITE_RECURSION = YES;
				CLANG_WARN_INT_CONVERSION = YES;
				CLANG_WARN_OBJC_ROOT_CLASS = YES_ERROR;
				CLANG_WARN_SUSPICIOUS_MOVES = YES;
				CLANG_WARN_UNREACHABLE_CODE = YES;
				CLANG_WARN__DUPLICATE_METHOD_MATCH = YES;
				"CODE_SIGN_IDENTITY[sdk=iphoneos*]" = "iPhone Developer";
				COPY_PHASE_STRIP = NO;
				DEBUG_INFORMATION_FORMAT = dwarf;
				ENABLE_STRICT_OBJC_MSGSEND = YES;
				ENABLE_TESTABILITY = YES;
				GCC_C_LANGUAGE_STANDARD = gnu99;
				GCC_DYNAMIC_NO_PIC = NO;
				GCC_NO_COMMON_BLOCKS = YES;
				GCC_OPTIMIZATION_LEVEL = 0;
				GCC_PREPROCESSOR_DEFINITIONS = (
					"DEBUG=1",
					"$(inherited)",
				);
				GCC_WARN_64_TO_32_BIT_CONVERSION = YES;
				GCC_WARN_ABOUT_RETURN_TYPE = YES_ERROR;
				GCC_WARN_UNDECLARED_SELECTOR = YES;
				GCC_WARN_UNINITIALIZED_AUTOS = YES_AGGRESSIVE;
				GCC_WARN_UNUSED_FUNCTION = YES;
				GCC_WARN_UNUSED_VARIABLE = YES;
				IPHONEOS_DEPLOYMENT_TARGET = 10.0;
				MTL_ENABLE_DEBUG_INFO = YES;
				ONLY_ACTIVE_ARCH = YES;
				SDKROOT = iphoneos;
			};
			name = Debug;
		};
		43FC7DF91E4DB35A00FB53F8 /* Release */ = {
			isa = XCBuildConfiguration;
			buildSettings = {
				ALWAYS_SEARCH_USER_PATHS = NO;
				CLANG_ANALYZER_NONNULL = YES;
				CLANG_CXX_LANGUAGE_STANDARD = "gnu++0x";
				CLANG_CXX_LIBRARY = "libc++";
				CLANG_ENABLE_MODULES = YES;
				CLANG_ENABLE_OBJC_ARC = YES;
				CLANG_WARN_BOOL_CONVERSION = YES;
				CLANG_WARN_CONSTANT_CONVERSION = YES;
				CLANG_WARN_DIRECT_OBJC_ISA_USAGE = YES_ERROR;
				CLANG_WARN_DOCUMENTATION_COMMENTS = YES;
				CLANG_WARN_EMPTY_BODY = YES;
				CLANG_WARN_ENUM_CONVERSION = YES;
				CLANG_WARN_INFINITE_RECURSION = YES;
				CLANG_WARN_INT_CONVERSION = YES;
				CLANG_WARN_OBJC_ROOT_CLASS = YES_ERROR;
				CLANG_WARN_SUSPICIOUS_MOVES = YES;
				CLANG_WARN_UNREACHABLE_CODE = YES;
				CLANG_WARN__DUPLICATE_METHOD_MATCH = YES;
				"CODE_SIGN_IDENTITY[sdk=iphoneos*]" = "iPhone Developer";
				COPY_PHASE_STRIP = NO;
				DEBUG_INFORMATION_FORMAT = "dwarf-with-dsym";
				ENABLE_NS_ASSERTIONS = NO;
				ENABLE_STRICT_OBJC_MSGSEND = YES;
				GCC_C_LANGUAGE_STANDARD = gnu99;
				GCC_NO_COMMON_BLOCKS = YES;
				GCC_WARN_64_TO_32_BIT_CONVERSION = YES;
				GCC_WARN_ABOUT_RETURN_TYPE = YES_ERROR;
				GCC_WARN_UNDECLARED_SELECTOR = YES;
				GCC_WARN_UNINITIALIZED_AUTOS = YES_AGGRESSIVE;
				GCC_WARN_UNUSED_FUNCTION = YES;
				GCC_WARN_UNUSED_VARIABLE = YES;
				IPHONEOS_DEPLOYMENT_TARGET = 10.0;
				MTL_ENABLE_DEBUG_INFO = NO;
				SDKROOT = iphoneos;
				VALIDATE_PRODUCT = YES;
			};
			name = Release;
		};
		43FC7DFB1E4DB35A00FB53F8 /* Debug */ = {
			isa = XCBuildConfiguration;
			buildSettings = {
				DEVELOPMENT_TEAM = 9374FZ3B8X;
				HEADER_SEARCH_PATHS = (
					"$(inherited)",
					"$(SRCROOT)/../../react-native/React/**",
					"$(SRCROOT)/../../../ios/Pods/Headers/Public/YYImage",
					"$(SRCROOT)/../../react-native/Libraries/Image/**",
				);
				OTHER_LDFLAGS = "-ObjC";
				PRODUCT_NAME = "$(TARGET_NAME)";
				SKIP_INSTALL = YES;
			};
			name = Debug;
		};
		43FC7DFC1E4DB35A00FB53F8 /* Release */ = {
			isa = XCBuildConfiguration;
			buildSettings = {
				DEVELOPMENT_TEAM = 9374FZ3B8X;
				HEADER_SEARCH_PATHS = (
					"$(inherited)",
					"$(SRCROOT)/../../react-native/React/**",
					"$(SRCROOT)/../../../ios/Pods/Headers/Public/YYImage",
					"$(SRCROOT)/../../react-native/Libraries/Image/**",
				);
				OTHER_LDFLAGS = "-ObjC";
				PRODUCT_NAME = "$(TARGET_NAME)";
				SKIP_INSTALL = YES;
			};
			name = Release;
		};
/* End XCBuildConfiguration section */

/* Begin XCConfigurationList section */
		43FC7DEC1E4DB35A00FB53F8 /* Build configuration list for PBXProject "RNYYImage" */ = {
			isa = XCConfigurationList;
			buildConfigurations = (
				43FC7DF81E4DB35A00FB53F8 /* Debug */,
				43FC7DF91E4DB35A00FB53F8 /* Release */,
			);
			defaultConfigurationIsVisible = 0;
			defaultConfigurationName = Release;
		};
		43FC7DFA1E4DB35A00FB53F8 /* Build configuration list for PBXNativeTarget "RNYYImage" */ = {
			isa = XCConfigurationList;
			buildConfigurations = (
				43FC7DFB1E4DB35A00FB53F8 /* Debug */,
				43FC7DFC1E4DB35A00FB53F8 /* Release */,
			);
			defaultConfigurationIsVisible = 0;
			defaultConfigurationName = Release;
		};
/* End XCConfigurationList section */
	};
	rootObject = 43FC7DE91E4DB35A00FB53F8 /* Project object */;
}
